// !$*UTF8*$!
{
	archiveVersion = 1;
	classes = {
	};
	objectVersion = 50;
	objects = {

/* Begin PBXBuildFile section */
		655D5C1C2598370F00DA54EA /* AppDelegate.swift in Sources */ = {isa = PBXBuildFile; fileRef = 655D5C1B2598370F00DA54EA /* AppDelegate.swift */; };
		655D5C1E2598370F00DA54EA /* SceneDelegate.swift in Sources */ = {isa = PBXBuildFile; fileRef = 655D5C1D2598370F00DA54EA /* SceneDelegate.swift */; };
		655D5C202598370F00DA54EA /* ViewController.swift in Sources */ = {isa = PBXBuildFile; fileRef = 655D5C1F2598370F00DA54EA /* ViewController.swift */; };
		655D5C232598370F00DA54EA /* Main.storyboard in Resources */ = {isa = PBXBuildFile; fileRef = 655D5C212598370F00DA54EA /* Main.storyboard */; };
		655D5C252598371000DA54EA /* Assets.xcassets in Resources */ = {isa = PBXBuildFile; fileRef = 655D5C242598371000DA54EA /* Assets.xcassets */; };
		655D5C282598371000DA54EA /* LaunchScreen.storyboard in Resources */ = {isa = PBXBuildFile; fileRef = 655D5C262598371000DA54EA /* LaunchScreen.storyboard */; };
		655D5C58259890D800DA54EA /* RunLoopStatusDemoVC.swift in Sources */ = {isa = PBXBuildFile; fileRef = 655D5C57259890D800DA54EA /* RunLoopStatusDemoVC.swift */; };
		655D5C5C2598919800DA54EA /* Array + SafetyAccess.swift in Sources */ = {isa = PBXBuildFile; fileRef = 655D5C5B2598919800DA54EA /* Array + SafetyAccess.swift */; };
		655D5C622598C2CE00DA54EA /* UITableView + Extension.swift in Sources */ = {isa = PBXBuildFile; fileRef = 655D5C612598C2CE00DA54EA /* UITableView + Extension.swift */; };
		655D5C652598CA1300DA54EA /* NSObject + className.swift in Sources */ = {isa = PBXBuildFile; fileRef = 655D5C642598CA1300DA54EA /* NSObject + className.swift */; };
		655D5C6C2598CA5400DA54EA /* SimpleTVCell.swift in Sources */ = {isa = PBXBuildFile; fileRef = 655D5C6A2598CA5400DA54EA /* SimpleTVCell.swift */; };
		655D5C6D2598CA5400DA54EA /* SimpleTVCell.xib in Resources */ = {isa = PBXBuildFile; fileRef = 655D5C6B2598CA5400DA54EA /* SimpleTVCell.xib */; };
		655D5C702598D0EF00DA54EA /* BaseVC.swift in Sources */ = {isa = PBXBuildFile; fileRef = 655D5C6F2598D0EF00DA54EA /* BaseVC.swift */; };
		655D5D9E259A977400DA54EA /* TimerDemoVC.swift in Sources */ = {isa = PBXBuildFile; fileRef = 655D5D9D259A977400DA54EA /* TimerDemoVC.swift */; };
		655D5DAB259A990000DA54EA /* TimerCell.swift in Sources */ = {isa = PBXBuildFile; fileRef = 655D5DA9259A990000DA54EA /* TimerCell.swift */; };
		655D5DAC259A990000DA54EA /* TimerCell.xib in Resources */ = {isa = PBXBuildFile; fileRef = 655D5DAA259A990000DA54EA /* TimerCell.xib */; };
		655D5DB1259A996200DA54EA /* CommonTimerCell.swift in Sources */ = {isa = PBXBuildFile; fileRef = 655D5DAF259A996200DA54EA /* CommonTimerCell.swift */; };
		655D5DB2259A996200DA54EA /* CommonTimerCell.xib in Resources */ = {isa = PBXBuildFile; fileRef = 655D5DB0259A996200DA54EA /* CommonTimerCell.xib */; };
		655D5E42259AA48200DA54EA /* LogDemoVC.swift in Sources */ = {isa = PBXBuildFile; fileRef = 655D5E41259AA48200DA54EA /* LogDemoVC.swift */; };
		655D5E47259AA6A500DA54EA /* Logger.swift in Sources */ = {isa = PBXBuildFile; fileRef = 655D5E46259AA6A500DA54EA /* Logger.swift */; };
/* End PBXBuildFile section */

/* Begin PBXFileReference section */
		655D5C182598370F00DA54EA /* LogAndRunLoop.app */ = {isa = PBXFileReference; explicitFileType = wrapper.application; includeInIndex = 0; path = LogAndRunLoop.app; sourceTree = BUILT_PRODUCTS_DIR; };
		655D5C1B2598370F00DA54EA /* AppDelegate.swift */ = {isa = PBXFileReference; lastKnownFileType = sourcecode.swift; path = AppDelegate.swift; sourceTree = "<group>"; };
		655D5C1D2598370F00DA54EA /* SceneDelegate.swift */ = {isa = PBXFileReference; lastKnownFileType = sourcecode.swift; path = SceneDelegate.swift; sourceTree = "<group>"; };
		655D5C1F2598370F00DA54EA /* ViewController.swift */ = {isa = PBXFileReference; lastKnownFileType = sourcecode.swift; path = ViewController.swift; sourceTree = "<group>"; };
		655D5C222598370F00DA54EA /* Base */ = {isa = PBXFileReference; lastKnownFileType = file.storyboard; name = Base; path = Base.lproj/Main.storyboard; sourceTree = "<group>"; };
		655D5C242598371000DA54EA /* Assets.xcassets */ = {isa = PBXFileReference; lastKnownFileType = folder.assetcatalog; path = Assets.xcassets; sourceTree = "<group>"; };
		655D5C272598371000DA54EA /* Base */ = {isa = PBXFileReference; lastKnownFileType = file.storyboard; name = Base; path = Base.lproj/LaunchScreen.storyboard; sourceTree = "<group>"; };
		655D5C292598371000DA54EA /* Info.plist */ = {isa = PBXFileReference; lastKnownFileType = text.plist.xml; path = Info.plist; sourceTree = "<group>"; };
		655D5C57259890D800DA54EA /* RunLoopStatusDemoVC.swift */ = {isa = PBXFileReference; lastKnownFileType = sourcecode.swift; path = RunLoopStatusDemoVC.swift; sourceTree = "<group>"; };
		655D5C5B2598919800DA54EA /* Array + SafetyAccess.swift */ = {isa = PBXFileReference; fileEncoding = 4; lastKnownFileType = sourcecode.swift; path = "Array + SafetyAccess.swift"; sourceTree = "<group>"; };
		655D5C612598C2CE00DA54EA /* UITableView + Extension.swift */ = {isa = PBXFileReference; fileEncoding = 4; lastKnownFileType = sourcecode.swift; path = "UITableView + Extension.swift"; sourceTree = "<group>"; };
		655D5C642598CA1300DA54EA /* NSObject + className.swift */ = {isa = PBXFileReference; fileEncoding = 4; lastKnownFileType = sourcecode.swift; path = "NSObject + className.swift"; sourceTree = "<group>"; };
		655D5C6A2598CA5400DA54EA /* SimpleTVCell.swift */ = {isa = PBXFileReference; lastKnownFileType = sourcecode.swift; path = SimpleTVCell.swift; sourceTree = "<group>"; };
		655D5C6B2598CA5400DA54EA /* SimpleTVCell.xib */ = {isa = PBXFileReference; lastKnownFileType = file.xib; path = SimpleTVCell.xib; sourceTree = "<group>"; };
		655D5C6F2598D0EF00DA54EA /* BaseVC.swift */ = {isa = PBXFileReference; fileEncoding = 4; lastKnownFileType = sourcecode.swift; path = BaseVC.swift; sourceTree = "<group>"; };
		655D5D9D259A977400DA54EA /* TimerDemoVC.swift */ = {isa = PBXFileReference; fileEncoding = 4; lastKnownFileType = sourcecode.swift; path = TimerDemoVC.swift; sourceTree = "<group>"; };
		655D5DA9259A990000DA54EA /* TimerCell.swift */ = {isa = PBXFileReference; lastKnownFileType = sourcecode.swift; path = TimerCell.swift; sourceTree = "<group>"; };
		655D5DAA259A990000DA54EA /* TimerCell.xib */ = {isa = PBXFileReference; lastKnownFileType = file.xib; path = TimerCell.xib; sourceTree = "<group>"; };
		655D5DAF259A996200DA54EA /* CommonTimerCell.swift */ = {isa = PBXFileReference; lastKnownFileType = sourcecode.swift; path = CommonTimerCell.swift; sourceTree = "<group>"; };
		655D5DB0259A996200DA54EA /* CommonTimerCell.xib */ = {isa = PBXFileReference; lastKnownFileType = file.xib; path = CommonTimerCell.xib; sourceTree = "<group>"; };
		655D5E41259AA48200DA54EA /* LogDemoVC.swift */ = {isa = PBXFileReference; lastKnownFileType = sourcecode.swift; path = LogDemoVC.swift; sourceTree = "<group>"; };
		655D5E46259AA6A500DA54EA /* Logger.swift */ = {isa = PBXFileReference; lastKnownFileType = sourcecode.swift; path = Logger.swift; sourceTree = "<group>"; };
/* End PBXFileReference section */

/* Begin PBXFrameworksBuildPhase section */
		655D5C152598370F00DA54EA /* Frameworks */ = {
			isa = PBXFrameworksBuildPhase;
			buildActionMask = 2147483647;
			files = (
			);
			runOnlyForDeploymentPostprocessing = 0;
		};
/* End PBXFrameworksBuildPhase section */

/* Begin PBXGroup section */
		655D5C0F2598370F00DA54EA = {
			isa = PBXGroup;
			children = (
				655D5C1A2598370F00DA54EA /* LogAndRunLoop */,
				655D5C192598370F00DA54EA /* Products */,
			);
			sourceTree = "<group>";
		};
		655D5C192598370F00DA54EA /* Products */ = {
			isa = PBXGroup;
			children = (
				655D5C182598370F00DA54EA /* LogAndRunLoop.app */,
			);
			name = Products;
			sourceTree = "<group>";
		};
		655D5C1A2598370F00DA54EA /* LogAndRunLoop */ = {
			isa = PBXGroup;
			children = (
				655D5C1B2598370F00DA54EA /* AppDelegate.swift */,
				655D5C1D2598370F00DA54EA /* SceneDelegate.swift */,
				655D5C532598902400DA54EA /* UIs */,
				655D5C5025988FE900DA54EA /* Assests */,
				655D5C5A2598913500DA54EA /* Extensions */,
			);
			path = LogAndRunLoop;
			sourceTree = "<group>";
		};
		655D5C5025988FE900DA54EA /* Assests */ = {
			isa = PBXGroup;
			children = (
				655D5C242598371000DA54EA /* Assets.xcassets */,
				655D5C292598371000DA54EA /* Info.plist */,
			);
			path = Assests;
			sourceTree = "<group>";
		};
		655D5C522598901A00DA54EA /* SBs */ = {
			isa = PBXGroup;
			children = (
				655D5C212598370F00DA54EA /* Main.storyboard */,
				655D5C262598371000DA54EA /* LaunchScreen.storyboard */,
			);
			path = SBs;
			sourceTree = "<group>";
		};
		655D5C532598902400DA54EA /* UIs */ = {
			isa = PBXGroup;
			children = (
				655D5C552598903100DA54EA /* VCs */,
				655D5C522598901A00DA54EA /* SBs */,
			);
			path = UIs;
			sourceTree = "<group>";
		};
		655D5C552598903100DA54EA /* VCs */ = {
			isa = PBXGroup;
			children = (
				655D5C1F2598370F00DA54EA /* ViewController.swift */,
				655D5C6F2598D0EF00DA54EA /* BaseVC.swift */,
				655D5C672598CA2600DA54EA /* RunLoopObserver */,
				655D5D9C259A975100DA54EA /* Timer */,
				655D5E40259AA46600DA54EA /* Log */,
			);
			path = VCs;
			sourceTree = "<group>";
		};
		655D5C5A2598913500DA54EA /* Extensions */ = {
			isa = PBXGroup;
			children = (
				655D5C5B2598919800DA54EA /* Array + SafetyAccess.swift */,
				655D5C612598C2CE00DA54EA /* UITableView + Extension.swift */,
				655D5C642598CA1300DA54EA /* NSObject + className.swift */,
			);
			path = Extensions;
			sourceTree = "<group>";
		};
		655D5C672598CA2600DA54EA /* RunLoopObserver */ = {
			isa = PBXGroup;
			children = (
				655D5C57259890D800DA54EA /* RunLoopStatusDemoVC.swift */,
				655D5C692598CA3100DA54EA /* Cell */,
			);
			path = RunLoopObserver;
			sourceTree = "<group>";
		};
		655D5C692598CA3100DA54EA /* Cell */ = {
			isa = PBXGroup;
			children = (
				655D5C6A2598CA5400DA54EA /* SimpleTVCell.swift */,
				655D5C6B2598CA5400DA54EA /* SimpleTVCell.xib */,
			);
			path = Cell;
			sourceTree = "<group>";
		};
		655D5D9C259A975100DA54EA /* Timer */ = {
			isa = PBXGroup;
			children = (
				655D5D9D259A977400DA54EA /* TimerDemoVC.swift */,
				655D5DA0259A977B00DA54EA /* Cell */,
			);
			path = Timer;
			sourceTree = "<group>";
		};
		655D5DA0259A977B00DA54EA /* Cell */ = {
			isa = PBXGroup;
			children = (
				655D5DA9259A990000DA54EA /* TimerCell.swift */,
				655D5DAA259A990000DA54EA /* TimerCell.xib */,
				655D5DAF259A996200DA54EA /* CommonTimerCell.swift */,
				655D5DB0259A996200DA54EA /* CommonTimerCell.xib */,
			);
			path = Cell;
			sourceTree = "<group>";
		};
		655D5E40259AA46600DA54EA /* Log */ = {
			isa = PBXGroup;
			children = (
				655D5E41259AA48200DA54EA /* LogDemoVC.swift */,
				655D5E46259AA6A500DA54EA /* Logger.swift */,
			);
			path = Log;
			sourceTree = "<group>";
		};
/* End PBXGroup section */

/* Begin PBXNativeTarget section */
		655D5C172598370F00DA54EA /* LogAndRunLoop */ = {
			isa = PBXNativeTarget;
			buildConfigurationList = 655D5C2C2598371000DA54EA /* Build configuration list for PBXNativeTarget "LogAndRunLoop" */;
			buildPhases = (
				655D5C142598370F00DA54EA /* Sources */,
				655D5C152598370F00DA54EA /* Frameworks */,
				655D5C162598370F00DA54EA /* Resources */,
			);
			buildRules = (
			);
			dependencies = (
			);
			name = LogAndRunLoop;
			productName = LogAndRunLoop;
			productReference = 655D5C182598370F00DA54EA /* LogAndRunLoop.app */;
			productType = "com.apple.product-type.application";
		};
/* End PBXNativeTarget section */

/* Begin PBXProject section */
		655D5C102598370F00DA54EA /* Project object */ = {
			isa = PBXProject;
			attributes = {
				LastSwiftUpdateCheck = 1210;
				LastUpgradeCheck = 1210;
				TargetAttributes = {
					655D5C172598370F00DA54EA = {
						CreatedOnToolsVersion = 12.1;
					};
				};
			};
			buildConfigurationList = 655D5C132598370F00DA54EA /* Build configuration list for PBXProject "LogAndRunLoop" */;
			compatibilityVersion = "Xcode 9.3";
			developmentRegion = en;
			hasScannedForEncodings = 0;
			knownRegions = (
				en,
				Base,
			);
			mainGroup = 655D5C0F2598370F00DA54EA;
			productRefGroup = 655D5C192598370F00DA54EA /* Products */;
			projectDirPath = "";
			projectRoot = "";
			targets = (
				655D5C172598370F00DA54EA /* LogAndRunLoop */,
			);
		};
/* End PBXProject section */

/* Begin PBXResourcesBuildPhase section */
		655D5C162598370F00DA54EA /* Resources */ = {
			isa = PBXResourcesBuildPhase;
			buildActionMask = 2147483647;
			files = (
				655D5DAC259A990000DA54EA /* TimerCell.xib in Resources */,
				655D5C282598371000DA54EA /* LaunchScreen.storyboard in Resources */,
				655D5C6D2598CA5400DA54EA /* SimpleTVCell.xib in Resources */,
				655D5C252598371000DA54EA /* Assets.xcassets in Resources */,
				655D5DB2259A996200DA54EA /* CommonTimerCell.xib in Resources */,
				655D5C232598370F00DA54EA /* Main.storyboard in Resources */,
			);
			runOnlyForDeploymentPostprocessing = 0;
		};
/* End PBXResourcesBuildPhase section */

/* Begin PBXSourcesBuildPhase section */
		655D5C142598370F00DA54EA /* Sources */ = {
			isa = PBXSourcesBuildPhase;
			buildActionMask = 2147483647;
			files = (
				655D5C202598370F00DA54EA /* ViewController.swift in Sources */,
				655D5C6C2598CA5400DA54EA /* SimpleTVCell.swift in Sources */,
				655D5C622598C2CE00DA54EA /* UITableView + Extension.swift in Sources */,
				655D5C58259890D800DA54EA /* RunLoopStatusDemoVC.swift in Sources */,
				655D5C702598D0EF00DA54EA /* BaseVC.swift in Sources */,
				655D5DB1259A996200DA54EA /* CommonTimerCell.swift in Sources */,
				655D5C1C2598370F00DA54EA /* AppDelegate.swift in Sources */,
				655D5C5C2598919800DA54EA /* Array + SafetyAccess.swift in Sources */,
				655D5E42259AA48200DA54EA /* LogDemoVC.swift in Sources */,
				655D5C652598CA1300DA54EA /* NSObject + className.swift in Sources */,
				655D5C1E2598370F00DA54EA /* SceneDelegate.swift in Sources */,
				655D5E47259AA6A500DA54EA /* Logger.swift in Sources */,
				655D5D9E259A977400DA54EA /* TimerDemoVC.swift in Sources */,
				655D5DAB259A990000DA54EA /* TimerCell.swift in Sources */,
			);
			runOnlyForDeploymentPostprocessing = 0;
		};
/* End PBXSourcesBuildPhase section */

/* Begin PBXVariantGroup section */
		655D5C212598370F00DA54EA /* Main.storyboard */ = {
			isa = PBXVariantGroup;
			children = (
				655D5C222598370F00DA54EA /* Base */,
			);
			name = Main.storyboard;
			sourceTree = "<group>";
		};
		655D5C262598371000DA54EA /* LaunchScreen.storyboard */ = {
			isa = PBXVariantGroup;
			children = (
				655D5C272598371000DA54EA /* Base */,
			);
			name = LaunchScreen.storyboard;
			sourceTree = "<group>";
		};
/* End PBXVariantGroup section */

/* Begin XCBuildConfiguration section */
		655D5C2A2598371000DA54EA /* Debug */ = {
			isa = XCBuildConfiguration;
			buildSettings = {
				ALWAYS_SEARCH_USER_PATHS = NO;
				CLANG_ANALYZER_NONNULL = YES;
				CLANG_ANALYZER_NUMBER_OBJECT_CONVERSION = YES_AGGRESSIVE;
				CLANG_CXX_LANGUAGE_STANDARD = "gnu++14";
				CLANG_CXX_LIBRARY = "libc++";
				CLANG_ENABLE_MODULES = YES;
				CLANG_ENABLE_OBJC_ARC = YES;
				CLANG_ENABLE_OBJC_WEAK = YES;
				CLANG_WARN_BLOCK_CAPTURE_AUTORELEASING = YES;
				CLANG_WARN_BOOL_CONVERSION = YES;
				CLANG_WARN_COMMA = YES;
				CLANG_WARN_CONSTANT_CONVERSION = YES;
				CLANG_WARN_DEPRECATED_OBJC_IMPLEMENTATIONS = YES;
				CLANG_WARN_DIRECT_OBJC_ISA_USAGE = YES_ERROR;
				CLANG_WARN_DOCUMENTATION_COMMENTS = YES;
				CLANG_WARN_EMPTY_BODY = YES;
				CLANG_WARN_ENUM_CONVERSION = YES;
				CLANG_WARN_INFINITE_RECURSION = YES;
				CLANG_WARN_INT_CONVERSION = YES;
				CLANG_WARN_NON_LITERAL_NULL_CONVERSION = YES;
				CLANG_WARN_OBJC_IMPLICIT_RETAIN_SELF = YES;
				CLANG_WARN_OBJC_LITERAL_CONVERSION = YES;
				CLANG_WARN_OBJC_ROOT_CLASS = YES_ERROR;
				CLANG_WARN_QUOTED_INCLUDE_IN_FRAMEWORK_HEADER = YES;
				CLANG_WARN_RANGE_LOOP_ANALYSIS = YES;
				CLANG_WARN_STRICT_PROTOTYPES = YES;
				CLANG_WARN_SUSPICIOUS_MOVE = YES;
				CLANG_WARN_UNGUARDED_AVAILABILITY = YES_AGGRESSIVE;
				CLANG_WARN_UNREACHABLE_CODE = YES;
				CLANG_WARN__DUPLICATE_METHOD_MATCH = YES;
				COPY_PHASE_STRIP = NO;
				DEBUG_INFORMATION_FORMAT = dwarf;
				ENABLE_STRICT_OBJC_MSGSEND = YES;
				ENABLE_TESTABILITY = YES;
				GCC_C_LANGUAGE_STANDARD = gnu11;
				GCC_DYNAMIC_NO_PIC = NO;
				GCC_NO_COMMON_BLOCKS = YES;
				GCC_OPTIMIZATION_LEVEL = 0;
				GCC_PREPROCESSOR_DEFINITIONS = (
					"DEBUG=1",
					"$(inherited)",
				);
				GCC_WARN_64_TO_32_BIT_CONVERSION = YES;
				GCC_WARN_ABOUT_RETURN_TYPE = YES_ERROR;
				GCC_WARN_UNDECLARED_SELECTOR = YES;
				GCC_WARN_UNINITIALIZED_AUTOS = YES_AGGRESSIVE;
				GCC_WARN_UNUSED_FUNCTION = YES;
				GCC_WARN_UNUSED_VARIABLE = YES;
				IPHONEOS_DEPLOYMENT_TARGET = 14.1;
				MTL_ENABLE_DEBUG_INFO = INCLUDE_SOURCE;
				MTL_FAST_MATH = YES;
				ONLY_ACTIVE_ARCH = YES;
				SDKROOT = iphoneos;
				SWIFT_ACTIVE_COMPILATION_CONDITIONS = DEBUG;
				SWIFT_OPTIMIZATION_LEVEL = "-Onone";
			};
			name = Debug;
		};
		655D5C2B2598371000DA54EA /* Release */ = {
			isa = XCBuildConfiguration;
			buildSettings = {
				ALWAYS_SEARCH_USER_PATHS = NO;
				CLANG_ANALYZER_NONNULL = YES;
				CLANG_ANALYZER_NUMBER_OBJECT_CONVERSION = YES_AGGRESSIVE;
				CLANG_CXX_LANGUAGE_STANDARD = "gnu++14";
				CLANG_CXX_LIBRARY = "libc++";
				CLANG_ENABLE_MODULES = YES;
				CLANG_ENABLE_OBJC_ARC = YES;
				CLANG_ENABLE_OBJC_WEAK = YES;
				CLANG_WARN_BLOCK_CAPTURE_AUTORELEASING = YES;
				CLANG_WARN_BOOL_CONVERSION = YES;
				CLANG_WARN_COMMA = YES;
				CLANG_WARN_CONSTANT_CONVERSION = YES;
				CLANG_WARN_DEPRECATED_OBJC_IMPLEMENTATIONS = YES;
				CLANG_WARN_DIRECT_OBJC_ISA_USAGE = YES_ERROR;
				CLANG_WARN_DOCUMENTATION_COMMENTS = YES;
				CLANG_WARN_EMPTY_BODY = YES;
				CLANG_WARN_ENUM_CONVERSION = YES;
				CLANG_WARN_INFINITE_RECURSION = YES;
				CLANG_WARN_INT_CONVERSION = YES;
				CLANG_WARN_NON_LITERAL_NULL_CONVERSION = YES;
				CLANG_WARN_OBJC_IMPLICIT_RETAIN_SELF = YES;
				CLANG_WARN_OBJC_LITERAL_CONVERSION = YES;
				CLANG_WARN_OBJC_ROOT_CLASS = YES_ERROR;
				CLANG_WARN_QUOTED_INCLUDE_IN_FRAMEWORK_HEADER = YES;
				CLANG_WARN_RANGE_LOOP_ANALYSIS = YES;
				CLANG_WARN_STRICT_PROTOTYPES = YES;
				CLANG_WARN_SUSPICIOUS_MOVE = YES;
				CLANG_WARN_UNGUARDED_AVAILABILITY = YES_AGGRESSIVE;
				CLANG_WARN_UNREACHABLE_CODE = YES;
				CLANG_WARN__DUPLICATE_METHOD_MATCH = YES;
				COPY_PHASE_STRIP = NO;
				DEBUG_INFORMATION_FORMAT = "dwarf-with-dsym";
				ENABLE_NS_ASSERTIONS = NO;
				ENABLE_STRICT_OBJC_MSGSEND = YES;
				GCC_C_LANGUAGE_STANDARD = gnu11;
				GCC_NO_COMMON_BLOCKS = YES;
				GCC_WARN_64_TO_32_BIT_CONVERSION = YES;
				GCC_WARN_ABOUT_RETURN_TYPE = YES_ERROR;
				GCC_WARN_UNDECLARED_SELECTOR = YES;
				GCC_WARN_UNINITIALIZED_AUTOS = YES_AGGRESSIVE;
				GCC_WARN_UNUSED_FUNCTION = YES;
				GCC_WARN_UNUSED_VARIABLE = YES;
				IPHONEOS_DEPLOYMENT_TARGET = 14.1;
				MTL_ENABLE_DEBUG_INFO = NO;
				MTL_FAST_MATH = YES;
				SDKROOT = iphoneos;
				SWIFT_COMPILATION_MODE = wholemodule;
				SWIFT_OPTIMIZATION_LEVEL = "-O";
				VALIDATE_PRODUCT = YES;
			};
			name = Release;
		};
		655D5C2D2598371000DA54EA /* Debug */ = {
			isa = XCBuildConfiguration;
			buildSettings = {
				ASSETCATALOG_COMPILER_APPICON_NAME = AppIcon;
				ASSETCATALOG_COMPILER_GLOBAL_ACCENT_COLOR_NAME = AccentColor;
				CODE_SIGN_STYLE = Automatic;
				DEVELOPMENT_TEAM = 7Y4TPNE48W;
				INFOPLIST_FILE = LogAndRunLoop/Assests/Info.plist;
				LD_RUNPATH_SEARCH_PATHS = (
					"$(inherited)",
					"@executable_path/Frameworks",
				);
				PRODUCT_BUNDLE_IDENTIFIER = "com.iosTaipei.-LogAndRunLoop.LogAndRunLoop";
				PRODUCT_NAME = "$(TARGET_NAME)";
				SWIFT_VERSION = 5.0;
				TARGETED_DEVICE_FAMILY = "1,2";
			};
			name = Debug;
		};
		655D5C2E2598371000DA54EA /* Release */ = {
			isa = XCBuildConfiguration;
			buildSettings = {
				ASSETCATALOG_COMPILER_APPICON_NAME = AppIcon;
				ASSETCATALOG_COMPILER_GLOBAL_ACCENT_COLOR_NAME = AccentColor;
				CODE_SIGN_STYLE = Automatic;
				DEVELOPMENT_TEAM = 7Y4TPNE48W;
				INFOPLIST_FILE = LogAndRunLoop/Assests/Info.plist;
				LD_RUNPATH_SEARCH_PATHS = (
					"$(inherited)",
					"@executable_path/Frameworks",
				);
				PRODUCT_BUNDLE_IDENTIFIER = "com.iosTaipei.-LogAndRunLoop.LogAndRunLoop";
				PRODUCT_NAME = "$(TARGET_NAME)";
				SWIFT_VERSION = 5.0;
				TARGETED_DEVICE_FAMILY = "1,2";
			};
			name = Release;
		};
/* End XCBuildConfiguration section */

/* Begin XCConfigurationList section */
		655D5C132598370F00DA54EA /* Build configuration list for PBXProject "LogAndRunLoop" */ = {
			isa = XCConfigurationList;
			buildConfigurations = (
				655D5C2A2598371000DA54EA /* Debug */,
				655D5C2B2598371000DA54EA /* Release */,
			);
			defaultConfigurationIsVisible = 0;
			defaultConfigurationName = Release;
		};
		655D5C2C2598371000DA54EA /* Build configuration list for PBXNativeTarget "LogAndRunLoop" */ = {
			isa = XCConfigurationList;
			buildConfigurations = (
				655D5C2D2598371000DA54EA /* Debug */,
				655D5C2E2598371000DA54EA /* Release */,
			);
			defaultConfigurationIsVisible = 0;
			defaultConfigurationName = Release;
		};
/* End XCConfigurationList section */
	};
	rootObject = 655D5C102598370F00DA54EA /* Project object */;
}
